
Microsoft Visual Studio Solution File, Format Version 12.00
# Visual Studio Version 17
VisualStudioVersion = 17.14.36414.22 d17.14
MinimumVisualStudioVersion = 10.0.40219.1
Project("{FAE04EC0-301F-11D3-BF4B-00C04F79EFBC}") = "Age Calculator Project", "Age Calculator Project.csproj", "{F031C212-10B3-479A-BBA7-F3DBBA4ED946}"
EndProject
Global
	GlobalSection(SolutionConfigurationPlatforms) = preSolution
		Debug|Any CPU = Debug|Any CPU
		Release|Any CPU = Release|Any CPU
	EndGlobalSection
	GlobalSection(ProjectConfigurationPlatforms) = postSolution
		{F031C212-10B3-479A-BBA7-F3DBBA4ED946}.Debug|Any CPU.ActiveCfg = Debug|Any CPU
		{F031C212-10B3-479A-BBA7-F3DBBA4ED946}.Debug|Any CPU.Build.0 = Debug|Any CPU
		{F031C212-10B3-479A-BBA7-F3DBBA4ED946}.Release|Any CPU.ActiveCfg = Release|Any CPU
		{F031C212-10B3-479A-BBA7-F3DBBA4ED946}.Release|Any CPU.Build.0 = Release|Any CPU
	EndGlobalSection
	GlobalSection(SolutionProperties) = preSolution
		HideSolutionNode = FALSE
	EndGlobalSection
	GlobalSection(ExtensibilityGlobals) = postSolution
		SolutionGuid = {E3E8E321-2073-4BFB-9FB9-01FED33D6833}
	EndGlobalSection
EndGlobal
