
Microsoft Visual Studio Solution File, Format Version 12.00
# Visual Studio Version 17
VisualStudioVersion = 17.14.36414.22 d17.14
MinimumVisualStudioVersion = 10.0.40219.1
Project("{FAE04EC0-301F-11D3-BF4B-00C04F79EFBC}") = "XO-Game Project", "XO-Game Project.csproj", "{27F7E241-820A-4E0B-9D61-896AFE056CEA}"
EndProject
Global
	GlobalSection(SolutionConfigurationPlatforms) = preSolution
		Debug|Any CPU = Debug|Any CPU
		Release|Any CPU = Release|Any CPU
	EndGlobalSection
	GlobalSection(ProjectConfigurationPlatforms) = postSolution
		{27F7E241-820A-4E0B-9D61-896AFE056CEA}.Debug|Any CPU.ActiveCfg = Debug|Any CPU
		{27F7E241-820A-4E0B-9D61-896AFE056CEA}.Debug|Any CPU.Build.0 = Debug|Any CPU
		{27F7E241-820A-4E0B-9D61-896AFE056CEA}.Release|Any CPU.ActiveCfg = Release|Any CPU
		{27F7E241-820A-4E0B-9D61-896AFE056CEA}.Release|Any CPU.Build.0 = Release|Any CPU
	EndGlobalSection
	GlobalSection(SolutionProperties) = preSolution
		HideSolutionNode = FALSE
	EndGlobalSection
	GlobalSection(ExtensibilityGlobals) = postSolution
		SolutionGuid = {77D1A3BB-5E35-4B4D-BFBC-C2C418FD499E}
	EndGlobalSection
EndGlobal
